github.com/ouraihub-hugo-themes/hugo-theme-fluid-dist v1.0.0 h1:bNQ0rp4tTaEkJOfg5f6heZE2aYD4ssxw7J6/RLsVu40=
github.com/ouraihub-hugo-themes/hugo-theme-fluid-dist v1.0.0/go.mod h1:WXMgkyUPLMdsylg7njlO3GcIwteq41jbJHA5Zbd66Ww=
github.com/ouraihub-hugo-themes/hugo-theme-fluid-dist v1.0.2 h1:KJP5fwa8BT+2Gh8hgFEf+YuVvN/R6fOlaxiGvMkc0kk=
github.com/ouraihub-hugo-themes/hugo-theme-fluid-dist v1.0.2/go.mod h1:WXMgkyUPLMdsylg7njlO3GcIwteq41jbJHA5Zbd66Ww=
github.com/ouraihub-hugo-themes/hugo-theme-fluid-dist v1.1.1 h1:u+THOLaOy2Q+UfhbT6oXcHsp+xbK2CkqA/l+A65t2+w=
github.com/ouraihub-hugo-themes/hugo-theme-fluid-dist v1.1.1/go.mod h1:WXMgkyUPLMdsylg7njlO3GcIwteq41jbJHA5Zbd66Ww=
